// !$*UTF8*$!
{
	archiveVersion = 1;
	classes = {
	};
	objectVersion = 56;
	objects = {

/* Begin PBXBuildFile section */
		5154210E290E8E9600DDCED0 /* URLSessionHTTPClient.swift in Sources */ = {isa = PBXBuildFile; fileRef = 5154210D290E8E9600DDCED0 /* URLSessionHTTPClient.swift */; };
		51542116290E99B600DDCED0 /* KJVSearchAPIEndToEndTests.swift in Sources */ = {isa = PBXBuildFile; fileRef = 51542115290E99B600DDCED0 /* KJVSearchAPIEndToEndTests.swift */; };
		5154211F2910748300DDCED0 /* AccessTokenResponse.swift in Sources */ = {isa = PBXBuildFile; fileRef = 5154211E2910748300DDCED0 /* AccessTokenResponse.swift */; };
		51542121291074A500DDCED0 /* AuthenticationTokenManager.swift in Sources */ = {isa = PBXBuildFile; fileRef = 51542120291074A500DDCED0 /* AuthenticationTokenManager.swift */; };
		51542124291074D800DDCED0 /* Constants.swift in Sources */ = {isa = PBXBuildFile; fileRef = 51542123291074D800DDCED0 /* Constants.swift */; };
		515421252911686C00DDCED0 /* XCTestCase+MemoryLeakTracking.swift in Sources */ = {isa = PBXBuildFile; fileRef = 51B152F1290DBEC800D77037 /* XCTestCase+MemoryLeakTracking.swift */; };
		516983CF29091946007DE3C0 /* AppDelegate.swift in Sources */ = {isa = PBXBuildFile; fileRef = 516983CE29091946007DE3C0 /* AppDelegate.swift */; };
		516983D129091946007DE3C0 /* SceneDelegate.swift in Sources */ = {isa = PBXBuildFile; fileRef = 516983D029091946007DE3C0 /* SceneDelegate.swift */; };
		516983D629091946007DE3C0 /* Main.storyboard in Resources */ = {isa = PBXBuildFile; fileRef = 516983D429091946007DE3C0 /* Main.storyboard */; };
		516983D829091947007DE3C0 /* Assets.xcassets in Resources */ = {isa = PBXBuildFile; fileRef = 516983D729091947007DE3C0 /* Assets.xcassets */; };
		516983DB29091947007DE3C0 /* LaunchScreen.storyboard in Resources */ = {isa = PBXBuildFile; fileRef = 516983D929091947007DE3C0 /* LaunchScreen.storyboard */; };
		516983E629091947007DE3C0 /* RemoteSearchLoaderTests.swift in Sources */ = {isa = PBXBuildFile; fileRef = 516983E529091947007DE3C0 /* RemoteSearchLoaderTests.swift */; };
		5169840029091AB4007DE3C0 /* SearchItem.swift in Sources */ = {isa = PBXBuildFile; fileRef = 516983FF29091AB4007DE3C0 /* SearchItem.swift */; };
		5169840229091AC7007DE3C0 /* SearchLoader.swift in Sources */ = {isa = PBXBuildFile; fileRef = 5169840129091AC7007DE3C0 /* SearchLoader.swift */; };
		5169840529099BEE007DE3C0 /* RemoteSearchLoader.swift in Sources */ = {isa = PBXBuildFile; fileRef = 5169840429099BEE007DE3C0 /* RemoteSearchLoader.swift */; };
		518704F429192B4F00FD35AF /* SearchStoreSpecs.swift in Sources */ = {isa = PBXBuildFile; fileRef = 518704F229192AC200FD35AF /* SearchStoreSpecs.swift */; };
		518704F629192C1500FD35AF /* XCTestCase+SearchStoreSpecs.swift in Sources */ = {isa = PBXBuildFile; fileRef = 518704F529192C1500FD35AF /* XCTestCase+SearchStoreSpecs.swift */; };
		5187050929196E1C00FD35AF /* CoreDataSearchStoreTests.swift in Sources */ = {isa = PBXBuildFile; fileRef = 5187050829196E1C00FD35AF /* CoreDataSearchStoreTests.swift */; };
		518705182919763300FD35AF /* ManagedSearchResult+CoreDataClass.swift in Sources */ = {isa = PBXBuildFile; fileRef = 518705142919763300FD35AF /* ManagedSearchResult+CoreDataClass.swift */; };
		5187051A2919763300FD35AF /* ManagedCache+CoreDataClass.swift in Sources */ = {isa = PBXBuildFile; fileRef = 518705162919763300FD35AF /* ManagedCache+CoreDataClass.swift */; };
		5187051E29197C9700FD35AF /* CoreDataHelpers.swift in Sources */ = {isa = PBXBuildFile; fileRef = 5187051D29197C9700FD35AF /* CoreDataHelpers.swift */; };
		518705202919870C00FD35AF /* CoreDataSearchStore.swift in Sources */ = {isa = PBXBuildFile; fileRef = 5187051F2919870C00FD35AF /* CoreDataSearchStore.swift */; };
		518705232919871900FD35AF /* SearchStoreDataModel.xcdatamodeld in Sources */ = {isa = PBXBuildFile; fileRef = 518705212919871900FD35AF /* SearchStoreDataModel.xcdatamodeld */; };
		5187052B2919B5B600FD35AF /* KJVSearchResultsCacheIntegrationTests.swift in Sources */ = {isa = PBXBuildFile; fileRef = 5187052A2919B5B600FD35AF /* KJVSearchResultsCacheIntegrationTests.swift */; };
		518705312919B92C00FD35AF /* XCTestCase+MemoryLeakTracking.swift in Sources */ = {isa = PBXBuildFile; fileRef = 51B152F1290DBEC800D77037 /* XCTestCase+MemoryLeakTracking.swift */; };
		518705322919BB0000FD35AF /* SearchCacheTestHelpers.swift in Sources */ = {isa = PBXBuildFile; fileRef = 51AC46CD29142A1F0044FBA1 /* SearchCacheTestHelpers.swift */; };
		519EFB25290C09C10026A202 /* HTTPClient.swift in Sources */ = {isa = PBXBuildFile; fileRef = 519EFB24290C09C10026A202 /* HTTPClient.swift */; };
		519EFB28290D654E0026A202 /* URLSessionHTTPClientTests.swift in Sources */ = {isa = PBXBuildFile; fileRef = 519EFB27290D654E0026A202 /* URLSessionHTTPClientTests.swift */; };
		51AC46BC291264CF0044FBA1 /* CacheSearchUseCaseTests.swift in Sources */ = {isa = PBXBuildFile; fileRef = 51AC46BB291264CF0044FBA1 /* CacheSearchUseCaseTests.swift */; };
		51AC46BF2912ECAA0044FBA1 /* LocalSearchLoader.swift in Sources */ = {isa = PBXBuildFile; fileRef = 51AC46BE2912ECAA0044FBA1 /* LocalSearchLoader.swift */; };
		51AC46C12912ECBC0044FBA1 /* SearchStore.swift in Sources */ = {isa = PBXBuildFile; fileRef = 51AC46C02912ECBC0044FBA1 /* SearchStore.swift */; };
		51AC46C32913B0AF0044FBA1 /* RemoteSearchItem.swift in Sources */ = {isa = PBXBuildFile; fileRef = 51AC46C22913B0AF0044FBA1 /* RemoteSearchItem.swift */; };
		51AC46C52913B42B0044FBA1 /* LocalSearchItem.swift in Sources */ = {isa = PBXBuildFile; fileRef = 51AC46C42913B42B0044FBA1 /* LocalSearchItem.swift */; };
		51AC46C72913BA010044FBA1 /* LoadSearchFromCacheUseCaseTests.swift in Sources */ = {isa = PBXBuildFile; fileRef = 51AC46C62913BA010044FBA1 /* LoadSearchFromCacheUseCaseTests.swift */; };
		51AC46CA2913C6690044FBA1 /* SearchStoreSpy.swift in Sources */ = {isa = PBXBuildFile; fileRef = 51AC46C92913C6690044FBA1 /* SearchStoreSpy.swift */; };
		51AC46CC291426110044FBA1 /* ValidateSearchCacheUseCaseTests.swift in Sources */ = {isa = PBXBuildFile; fileRef = 51AC46CB291426110044FBA1 /* ValidateSearchCacheUseCaseTests.swift */; };
		51AC46CE29142A1F0044FBA1 /* SearchCacheTestHelpers.swift in Sources */ = {isa = PBXBuildFile; fileRef = 51AC46CD29142A1F0044FBA1 /* SearchCacheTestHelpers.swift */; };
		51AC46D029142AF30044FBA1 /* SharedTestHelpers.swift in Sources */ = {isa = PBXBuildFile; fileRef = 51AC46CF29142AF30044FBA1 /* SharedTestHelpers.swift */; };
		51AC46D2291466C40044FBA1 /* SearchCachePolicy.swift in Sources */ = {isa = PBXBuildFile; fileRef = 51AC46D1291466C40044FBA1 /* SearchCachePolicy.swift */; };
		51AC46D42915BA5B0044FBA1 /* CodableSearchStoreTests.swift in Sources */ = {isa = PBXBuildFile; fileRef = 51AC46D32915BA5B0044FBA1 /* CodableSearchStoreTests.swift */; };
		51AC46D6291727C90044FBA1 /* CodableSearchStore.swift in Sources */ = {isa = PBXBuildFile; fileRef = 51AC46D5291727C90044FBA1 /* CodableSearchStore.swift */; };
		51B152F2290DBEC800D77037 /* XCTestCase+MemoryLeakTracking.swift in Sources */ = {isa = PBXBuildFile; fileRef = 51B152F1290DBEC800D77037 /* XCTestCase+MemoryLeakTracking.swift */; };
/* End PBXBuildFile section */

/* Begin PBXContainerItemProxy section */
		51542117290E99B600DDCED0 /* PBXContainerItemProxy */ = {
			isa = PBXContainerItemProxy;
			containerPortal = 516983C329091946007DE3C0 /* Project object */;
			proxyType = 1;
			remoteGlobalIDString = 516983CA29091946007DE3C0;
			remoteInfo = KJVSearch;
		};
		516983E229091947007DE3C0 /* PBXContainerItemProxy */ = {
			isa = PBXContainerItemProxy;
			containerPortal = 516983C329091946007DE3C0 /* Project object */;
			proxyType = 1;
			remoteGlobalIDString = 516983CA29091946007DE3C0;
			remoteInfo = KJVSearch;
		};
		5187052F2919B7E500FD35AF /* PBXContainerItemProxy */ = {
			isa = PBXContainerItemProxy;
			containerPortal = 516983C329091946007DE3C0 /* Project object */;
			proxyType = 1;
			remoteGlobalIDString = 516983CA29091946007DE3C0;
			remoteInfo = KJVSearch;
		};
/* End PBXContainerItemProxy section */

/* Begin PBXFileReference section */
		5154210D290E8E9600DDCED0 /* URLSessionHTTPClient.swift */ = {isa = PBXFileReference; lastKnownFileType = sourcecode.swift; path = URLSessionHTTPClient.swift; sourceTree = "<group>"; };
		51542113290E99B600DDCED0 /* KJVSearchAPIEndToEndTests.xctest */ = {isa = PBXFileReference; explicitFileType = wrapper.cfbundle; includeInIndex = 0; path = KJVSearchAPIEndToEndTests.xctest; sourceTree = BUILT_PRODUCTS_DIR; };
		51542115290E99B600DDCED0 /* KJVSearchAPIEndToEndTests.swift */ = {isa = PBXFileReference; lastKnownFileType = sourcecode.swift; path = KJVSearchAPIEndToEndTests.swift; sourceTree = "<group>"; };
		5154211E2910748300DDCED0 /* AccessTokenResponse.swift */ = {isa = PBXFileReference; lastKnownFileType = sourcecode.swift; path = AccessTokenResponse.swift; sourceTree = "<group>"; };
		51542120291074A500DDCED0 /* AuthenticationTokenManager.swift */ = {isa = PBXFileReference; lastKnownFileType = sourcecode.swift; path = AuthenticationTokenManager.swift; sourceTree = "<group>"; };
		51542123291074D800DDCED0 /* Constants.swift */ = {isa = PBXFileReference; lastKnownFileType = sourcecode.swift; path = Constants.swift; sourceTree = "<group>"; };
		516983CB29091946007DE3C0 /* KJVSearch.app */ = {isa = PBXFileReference; explicitFileType = wrapper.application; includeInIndex = 0; path = KJVSearch.app; sourceTree = BUILT_PRODUCTS_DIR; };
		516983CE29091946007DE3C0 /* AppDelegate.swift */ = {isa = PBXFileReference; lastKnownFileType = sourcecode.swift; path = AppDelegate.swift; sourceTree = "<group>"; };
		516983D029091946007DE3C0 /* SceneDelegate.swift */ = {isa = PBXFileReference; lastKnownFileType = sourcecode.swift; path = SceneDelegate.swift; sourceTree = "<group>"; };
		516983D529091946007DE3C0 /* Base */ = {isa = PBXFileReference; lastKnownFileType = file.storyboard; name = Base; path = Base.lproj/Main.storyboard; sourceTree = "<group>"; };
		516983D729091947007DE3C0 /* Assets.xcassets */ = {isa = PBXFileReference; lastKnownFileType = folder.assetcatalog; path = Assets.xcassets; sourceTree = "<group>"; };
		516983DA29091947007DE3C0 /* Base */ = {isa = PBXFileReference; lastKnownFileType = file.storyboard; name = Base; path = Base.lproj/LaunchScreen.storyboard; sourceTree = "<group>"; };
		516983DC29091947007DE3C0 /* Info.plist */ = {isa = PBXFileReference; lastKnownFileType = text.plist.xml; path = Info.plist; sourceTree = "<group>"; };
		516983E129091947007DE3C0 /* KJVSearchTests.xctest */ = {isa = PBXFileReference; explicitFileType = wrapper.cfbundle; includeInIndex = 0; path = KJVSearchTests.xctest; sourceTree = BUILT_PRODUCTS_DIR; };
		516983E529091947007DE3C0 /* RemoteSearchLoaderTests.swift */ = {isa = PBXFileReference; lastKnownFileType = sourcecode.swift; path = RemoteSearchLoaderTests.swift; sourceTree = "<group>"; };
		516983FF29091AB4007DE3C0 /* SearchItem.swift */ = {isa = PBXFileReference; lastKnownFileType = sourcecode.swift; path = SearchItem.swift; sourceTree = "<group>"; };
		5169840129091AC7007DE3C0 /* SearchLoader.swift */ = {isa = PBXFileReference; lastKnownFileType = sourcecode.swift; path = SearchLoader.swift; sourceTree = "<group>"; };
		5169840429099BEE007DE3C0 /* RemoteSearchLoader.swift */ = {isa = PBXFileReference; lastKnownFileType = sourcecode.swift; path = RemoteSearchLoader.swift; sourceTree = "<group>"; };
		518704F229192AC200FD35AF /* SearchStoreSpecs.swift */ = {isa = PBXFileReference; lastKnownFileType = sourcecode.swift; path = SearchStoreSpecs.swift; sourceTree = "<group>"; };
		518704F529192C1500FD35AF /* XCTestCase+SearchStoreSpecs.swift */ = {isa = PBXFileReference; lastKnownFileType = sourcecode.swift; path = "XCTestCase+SearchStoreSpecs.swift"; sourceTree = "<group>"; };
		5187050829196E1C00FD35AF /* CoreDataSearchStoreTests.swift */ = {isa = PBXFileReference; lastKnownFileType = sourcecode.swift; path = CoreDataSearchStoreTests.swift; sourceTree = "<group>"; };
		518705142919763300FD35AF /* ManagedSearchResult+CoreDataClass.swift */ = {isa = PBXFileReference; lastKnownFileType = sourcecode.swift; path = "ManagedSearchResult+CoreDataClass.swift"; sourceTree = "<group>"; };
		518705162919763300FD35AF /* ManagedCache+CoreDataClass.swift */ = {isa = PBXFileReference; lastKnownFileType = sourcecode.swift; path = "ManagedCache+CoreDataClass.swift"; sourceTree = "<group>"; };
		5187051D29197C9700FD35AF /* CoreDataHelpers.swift */ = {isa = PBXFileReference; lastKnownFileType = sourcecode.swift; name = CoreDataHelpers.swift; path = KJVSearch/CoreDataHelpers.swift; sourceTree = SOURCE_ROOT; };
		5187051F2919870C00FD35AF /* CoreDataSearchStore.swift */ = {isa = PBXFileReference; fileEncoding = 4; lastKnownFileType = sourcecode.swift; path = CoreDataSearchStore.swift; sourceTree = "<group>"; };
		518705222919871900FD35AF /* SearchStoreDataModel.xcdatamodel */ = {isa = PBXFileReference; lastKnownFileType = wrapper.xcdatamodel; path = SearchStoreDataModel.xcdatamodel; sourceTree = "<group>"; };
		518705282919B5B600FD35AF /* KJVSearchResultsCacheIntegrationTests.xctest */ = {isa = PBXFileReference; explicitFileType = wrapper.cfbundle; includeInIndex = 0; path = KJVSearchResultsCacheIntegrationTests.xctest; sourceTree = BUILT_PRODUCTS_DIR; };
		5187052A2919B5B600FD35AF /* KJVSearchResultsCacheIntegrationTests.swift */ = {isa = PBXFileReference; lastKnownFileType = sourcecode.swift; path = KJVSearchResultsCacheIntegrationTests.swift; sourceTree = "<group>"; };
		519EFB24290C09C10026A202 /* HTTPClient.swift */ = {isa = PBXFileReference; lastKnownFileType = sourcecode.swift; path = HTTPClient.swift; sourceTree = "<group>"; };
		519EFB27290D654E0026A202 /* URLSessionHTTPClientTests.swift */ = {isa = PBXFileReference; lastKnownFileType = sourcecode.swift; path = URLSessionHTTPClientTests.swift; sourceTree = "<group>"; };
		51AC46BB291264CF0044FBA1 /* CacheSearchUseCaseTests.swift */ = {isa = PBXFileReference; lastKnownFileType = sourcecode.swift; path = CacheSearchUseCaseTests.swift; sourceTree = "<group>"; };
		51AC46BE2912ECAA0044FBA1 /* LocalSearchLoader.swift */ = {isa = PBXFileReference; lastKnownFileType = sourcecode.swift; path = LocalSearchLoader.swift; sourceTree = "<group>"; };
		51AC46C02912ECBC0044FBA1 /* SearchStore.swift */ = {isa = PBXFileReference; lastKnownFileType = sourcecode.swift; path = SearchStore.swift; sourceTree = "<group>"; };
		51AC46C22913B0AF0044FBA1 /* RemoteSearchItem.swift */ = {isa = PBXFileReference; lastKnownFileType = sourcecode.swift; path = RemoteSearchItem.swift; sourceTree = "<group>"; };
		51AC46C42913B42B0044FBA1 /* LocalSearchItem.swift */ = {isa = PBXFileReference; lastKnownFileType = sourcecode.swift; path = LocalSearchItem.swift; sourceTree = "<group>"; };
		51AC46C62913BA010044FBA1 /* LoadSearchFromCacheUseCaseTests.swift */ = {isa = PBXFileReference; lastKnownFileType = sourcecode.swift; path = LoadSearchFromCacheUseCaseTests.swift; sourceTree = "<group>"; };
		51AC46C92913C6690044FBA1 /* SearchStoreSpy.swift */ = {isa = PBXFileReference; lastKnownFileType = sourcecode.swift; path = SearchStoreSpy.swift; sourceTree = "<group>"; };
		51AC46CB291426110044FBA1 /* ValidateSearchCacheUseCaseTests.swift */ = {isa = PBXFileReference; lastKnownFileType = sourcecode.swift; path = ValidateSearchCacheUseCaseTests.swift; sourceTree = "<group>"; };
		51AC46CD29142A1F0044FBA1 /* SearchCacheTestHelpers.swift */ = {isa = PBXFileReference; lastKnownFileType = sourcecode.swift; path = SearchCacheTestHelpers.swift; sourceTree = "<group>"; };
		51AC46CF29142AF30044FBA1 /* SharedTestHelpers.swift */ = {isa = PBXFileReference; lastKnownFileType = sourcecode.swift; path = SharedTestHelpers.swift; sourceTree = "<group>"; };
		51AC46D1291466C40044FBA1 /* SearchCachePolicy.swift */ = {isa = PBXFileReference; lastKnownFileType = sourcecode.swift; path = SearchCachePolicy.swift; sourceTree = "<group>"; };
		51AC46D32915BA5B0044FBA1 /* CodableSearchStoreTests.swift */ = {isa = PBXFileReference; lastKnownFileType = sourcecode.swift; path = CodableSearchStoreTests.swift; sourceTree = "<group>"; };
		51AC46D5291727C90044FBA1 /* CodableSearchStore.swift */ = {isa = PBXFileReference; lastKnownFileType = sourcecode.swift; path = CodableSearchStore.swift; sourceTree = "<group>"; };
		51B152F1290DBEC800D77037 /* XCTestCase+MemoryLeakTracking.swift */ = {isa = PBXFileReference; lastKnownFileType = sourcecode.swift; path = "XCTestCase+MemoryLeakTracking.swift"; sourceTree = "<group>"; };
/* End PBXFileReference section */

/* Begin PBXFrameworksBuildPhase section */
		51542110290E99B600DDCED0 /* Frameworks */ = {
			isa = PBXFrameworksBuildPhase;
			buildActionMask = 2147483647;
			files = (
			);
			runOnlyForDeploymentPostprocessing = 0;
		};
		516983C829091946007DE3C0 /* Frameworks */ = {
			isa = PBXFrameworksBuildPhase;
			buildActionMask = 2147483647;
			files = (
			);
			runOnlyForDeploymentPostprocessing = 0;
		};
		516983DE29091947007DE3C0 /* Frameworks */ = {
			isa = PBXFrameworksBuildPhase;
			buildActionMask = 2147483647;
			files = (
			);
			runOnlyForDeploymentPostprocessing = 0;
		};
		518705252919B5B600FD35AF /* Frameworks */ = {
			isa = PBXFrameworksBuildPhase;
			buildActionMask = 2147483647;
			files = (
			);
			runOnlyForDeploymentPostprocessing = 0;
		};
/* End PBXFrameworksBuildPhase section */

/* Begin PBXGroup section */
		51542114290E99B600DDCED0 /* KJVSearchAPIEndToEndTests */ = {
			isa = PBXGroup;
			children = (
				51542115290E99B600DDCED0 /* KJVSearchAPIEndToEndTests.swift */,
			);
			path = KJVSearchAPIEndToEndTests;
			sourceTree = "<group>";
		};
		51542122291074BE00DDCED0 /* Utilities */ = {
			isa = PBXGroup;
			children = (
				51542123291074D800DDCED0 /* Constants.swift */,
			);
			path = Utilities;
			sourceTree = "<group>";
		};
		516983C229091946007DE3C0 = {
			isa = PBXGroup;
			children = (
				516983CD29091946007DE3C0 /* KJVSearch */,
				516983E429091947007DE3C0 /* KJVSearchTests */,
				51542114290E99B600DDCED0 /* KJVSearchAPIEndToEndTests */,
				518705292919B5B600FD35AF /* KJVSearchResultsCacheIntegrationTests */,
				516983CC29091946007DE3C0 /* Products */,
			);
			sourceTree = "<group>";
		};
		516983CC29091946007DE3C0 /* Products */ = {
			isa = PBXGroup;
			children = (
				516983CB29091946007DE3C0 /* KJVSearch.app */,
				516983E129091947007DE3C0 /* KJVSearchTests.xctest */,
				51542113290E99B600DDCED0 /* KJVSearchAPIEndToEndTests.xctest */,
				518705282919B5B600FD35AF /* KJVSearchResultsCacheIntegrationTests.xctest */,
			);
			name = Products;
			sourceTree = "<group>";
		};
		516983CD29091946007DE3C0 /* KJVSearch */ = {
			isa = PBXGroup;
			children = (
				51AC46BD2912EC960044FBA1 /* Search Cache */,
				51542122291074BE00DDCED0 /* Utilities */,
				5169840329099BD3007DE3C0 /* Search API */,
				516983FE29091A94007DE3C0 /* SearchFeature */,
				516983CE29091946007DE3C0 /* AppDelegate.swift */,
				516983D029091946007DE3C0 /* SceneDelegate.swift */,
				516983D429091946007DE3C0 /* Main.storyboard */,
				516983D729091947007DE3C0 /* Assets.xcassets */,
				516983D929091947007DE3C0 /* LaunchScreen.storyboard */,
				516983DC29091947007DE3C0 /* Info.plist */,
			);
			path = KJVSearch;
			sourceTree = "<group>";
		};
		516983E429091947007DE3C0 /* KJVSearchTests */ = {
			isa = PBXGroup;
			children = (
				51B152F0290DBE9C00D77037 /* Helpers */,
				51AC46BA291264990044FBA1 /* Search Cache */,
				519EFB26290C144A0026A202 /* Search API */,
			);
			path = KJVSearchTests;
			sourceTree = "<group>";
		};
		516983FE29091A94007DE3C0 /* SearchFeature */ = {
			isa = PBXGroup;
			children = (
				516983FF29091AB4007DE3C0 /* SearchItem.swift */,
				5169840129091AC7007DE3C0 /* SearchLoader.swift */,
			);
			path = SearchFeature;
			sourceTree = "<group>";
		};
		5169840329099BD3007DE3C0 /* Search API */ = {
			isa = PBXGroup;
			children = (
				5169840429099BEE007DE3C0 /* RemoteSearchLoader.swift */,
				519EFB24290C09C10026A202 /* HTTPClient.swift */,
				5154210D290E8E9600DDCED0 /* URLSessionHTTPClient.swift */,
				5154211E2910748300DDCED0 /* AccessTokenResponse.swift */,
				51542120291074A500DDCED0 /* AuthenticationTokenManager.swift */,
				51AC46C22913B0AF0044FBA1 /* RemoteSearchItem.swift */,
			);
			path = "Search API";
			sourceTree = "<group>";
		};
		5187050D2919744700FD35AF /* Infrastructure */ = {
			isa = PBXGroup;
			children = (
				5187050E2919745600FD35AF /* CoreData */,
			);
			path = Infrastructure;
			sourceTree = "<group>";
		};
		5187050E2919745600FD35AF /* CoreData */ = {
			isa = PBXGroup;
			children = (
				5187051C29197C8600FD35AF /* Helpers */,
				518705142919763300FD35AF /* ManagedSearchResult+CoreDataClass.swift */,
				518705162919763300FD35AF /* ManagedCache+CoreDataClass.swift */,
				5187051F2919870C00FD35AF /* CoreDataSearchStore.swift */,
				518705212919871900FD35AF /* SearchStoreDataModel.xcdatamodeld */,
			);
			path = CoreData;
			sourceTree = "<group>";
		};
		5187051C29197C8600FD35AF /* Helpers */ = {
			isa = PBXGroup;
			children = (
				5187051D29197C9700FD35AF /* CoreDataHelpers.swift */,
			);
			path = Helpers;
			sourceTree = "<group>";
		};
		518705292919B5B600FD35AF /* KJVSearchResultsCacheIntegrationTests */ = {
			isa = PBXGroup;
			children = (
				5187052A2919B5B600FD35AF /* KJVSearchResultsCacheIntegrationTests.swift */,
			);
			path = KJVSearchResultsCacheIntegrationTests;
			sourceTree = "<group>";
		};
		519EFB26290C144A0026A202 /* Search API */ = {
			isa = PBXGroup;
			children = (
				516983E529091947007DE3C0 /* RemoteSearchLoaderTests.swift */,
				519EFB27290D654E0026A202 /* URLSessionHTTPClientTests.swift */,
			);
			path = "Search API";
			sourceTree = "<group>";
		};
		51AC46BA291264990044FBA1 /* Search Cache */ = {
			isa = PBXGroup;
			children = (
				518704F229192AC200FD35AF /* SearchStoreSpecs.swift */,
				51AC46C82913C6540044FBA1 /* Helpers */,
				51AC46BB291264CF0044FBA1 /* CacheSearchUseCaseTests.swift */,
				51AC46C62913BA010044FBA1 /* LoadSearchFromCacheUseCaseTests.swift */,
				51AC46CB291426110044FBA1 /* ValidateSearchCacheUseCaseTests.swift */,
				51AC46D32915BA5B0044FBA1 /* CodableSearchStoreTests.swift */,
				518704F529192C1500FD35AF /* XCTestCase+SearchStoreSpecs.swift */,
				5187050829196E1C00FD35AF /* CoreDataSearchStoreTests.swift */,
			);
			path = "Search Cache";
			sourceTree = "<group>";
		};
		51AC46BD2912EC960044FBA1 /* Search Cache */ = {
			isa = PBXGroup;
			children = (
				5187050D2919744700FD35AF /* Infrastructure */,
				51AC46BE2912ECAA0044FBA1 /* LocalSearchLoader.swift */,
				51AC46C02912ECBC0044FBA1 /* SearchStore.swift */,
				51AC46C42913B42B0044FBA1 /* LocalSearchItem.swift */,
				51AC46D1291466C40044FBA1 /* SearchCachePolicy.swift */,
				51AC46D5291727C90044FBA1 /* CodableSearchStore.swift */,
			);
			path = "Search Cache";
			sourceTree = "<group>";
		};
		51AC46C82913C6540044FBA1 /* Helpers */ = {
			isa = PBXGroup;
			children = (
				51AC46C92913C6690044FBA1 /* SearchStoreSpy.swift */,
				51AC46CD29142A1F0044FBA1 /* SearchCacheTestHelpers.swift */,
			);
			path = Helpers;
			sourceTree = "<group>";
		};
		51B152F0290DBE9C00D77037 /* Helpers */ = {
			isa = PBXGroup;
			children = (
				51B152F1290DBEC800D77037 /* XCTestCase+MemoryLeakTracking.swift */,
				51AC46CF29142AF30044FBA1 /* SharedTestHelpers.swift */,
			);
			path = Helpers;
			sourceTree = "<group>";
		};
/* End PBXGroup section */

/* Begin PBXNativeTarget section */
		51542112290E99B600DDCED0 /* KJVSearchAPIEndToEndTests */ = {
			isa = PBXNativeTarget;
			buildConfigurationList = 51542119290E99B600DDCED0 /* Build configuration list for PBXNativeTarget "KJVSearchAPIEndToEndTests" */;
			buildPhases = (
				5154210F290E99B600DDCED0 /* Sources */,
				51542110290E99B600DDCED0 /* Frameworks */,
				51542111290E99B600DDCED0 /* Resources */,
			);
			buildRules = (
			);
			dependencies = (
				51542118290E99B600DDCED0 /* PBXTargetDependency */,
			);
			name = KJVSearchAPIEndToEndTests;
			productName = KJVSearchAPIEndToEndTests;
			productReference = 51542113290E99B600DDCED0 /* KJVSearchAPIEndToEndTests.xctest */;
			productType = "com.apple.product-type.bundle.unit-test";
		};
		516983CA29091946007DE3C0 /* KJVSearch */ = {
			isa = PBXNativeTarget;
			buildConfigurationList = 516983F529091947007DE3C0 /* Build configuration list for PBXNativeTarget "KJVSearch" */;
			buildPhases = (
				516983C729091946007DE3C0 /* Sources */,
				516983C829091946007DE3C0 /* Frameworks */,
				516983C929091946007DE3C0 /* Resources */,
			);
			buildRules = (
			);
			dependencies = (
			);
			name = KJVSearch;
			productName = KJVSearch;
			productReference = 516983CB29091946007DE3C0 /* KJVSearch.app */;
			productType = "com.apple.product-type.application";
		};
		516983E029091947007DE3C0 /* KJVSearchTests */ = {
			isa = PBXNativeTarget;
			buildConfigurationList = 516983F829091947007DE3C0 /* Build configuration list for PBXNativeTarget "KJVSearchTests" */;
			buildPhases = (
				516983DD29091947007DE3C0 /* Sources */,
				516983DE29091947007DE3C0 /* Frameworks */,
				516983DF29091947007DE3C0 /* Resources */,
			);
			buildRules = (
			);
			dependencies = (
				516983E329091947007DE3C0 /* PBXTargetDependency */,
			);
			name = KJVSearchTests;
			productName = KJVSearchTests;
			productReference = 516983E129091947007DE3C0 /* KJVSearchTests.xctest */;
			productType = "com.apple.product-type.bundle.unit-test";
		};
		518705272919B5B600FD35AF /* KJVSearchResultsCacheIntegrationTests */ = {
			isa = PBXNativeTarget;
			buildConfigurationList = 5187052C2919B5B600FD35AF /* Build configuration list for PBXNativeTarget "KJVSearchResultsCacheIntegrationTests" */;
			buildPhases = (
				518705242919B5B600FD35AF /* Sources */,
				518705252919B5B600FD35AF /* Frameworks */,
				518705262919B5B600FD35AF /* Resources */,
			);
			buildRules = (
			);
			dependencies = (
				518705302919B7E500FD35AF /* PBXTargetDependency */,
			);
			name = KJVSearchResultsCacheIntegrationTests;
			productName = KJVSearchResultsCacheIntegrationTests;
			productReference = 518705282919B5B600FD35AF /* KJVSearchResultsCacheIntegrationTests.xctest */;
			productType = "com.apple.product-type.bundle.unit-test";
		};
/* End PBXNativeTarget section */

/* Begin PBXProject section */
		516983C329091946007DE3C0 /* Project object */ = {
			isa = PBXProject;
			attributes = {
				BuildIndependentTargetsInParallel = 1;
				LastSwiftUpdateCheck = 1400;
				LastUpgradeCheck = 1400;
				TargetAttributes = {
					51542112290E99B600DDCED0 = {
						CreatedOnToolsVersion = 14.0.1;
						TestTargetID = 516983CA29091946007DE3C0;
					};
					516983CA29091946007DE3C0 = {
						CreatedOnToolsVersion = 14.0.1;
					};
					516983E029091947007DE3C0 = {
						CreatedOnToolsVersion = 14.0.1;
						TestTargetID = 516983CA29091946007DE3C0;
					};
					518705272919B5B600FD35AF = {
						CreatedOnToolsVersion = 14.0.1;
						TestTargetID = 516983CA29091946007DE3C0;
					};
				};
			};
			buildConfigurationList = 516983C629091946007DE3C0 /* Build configuration list for PBXProject "KJVSearch" */;
			compatibilityVersion = "Xcode 14.0";
			developmentRegion = en;
			hasScannedForEncodings = 0;
			knownRegions = (
				en,
				Base,
			);
			mainGroup = 516983C229091946007DE3C0;
			productRefGroup = 516983CC29091946007DE3C0 /* Products */;
			projectDirPath = "";
			projectRoot = "";
			targets = (
				516983CA29091946007DE3C0 /* KJVSearch */,
				516983E029091947007DE3C0 /* KJVSearchTests */,
				51542112290E99B600DDCED0 /* KJVSearchAPIEndToEndTests */,
				518705272919B5B600FD35AF /* KJVSearchResultsCacheIntegrationTests */,
			);
		};
/* End PBXProject section */

/* Begin PBXResourcesBuildPhase section */
		51542111290E99B600DDCED0 /* Resources */ = {
			isa = PBXResourcesBuildPhase;
			buildActionMask = 2147483647;
			files = (
			);
			runOnlyForDeploymentPostprocessing = 0;
		};
		516983C929091946007DE3C0 /* Resources */ = {
			isa = PBXResourcesBuildPhase;
			buildActionMask = 2147483647;
			files = (
				516983DB29091947007DE3C0 /* LaunchScreen.storyboard in Resources */,
				516983D829091947007DE3C0 /* Assets.xcassets in Resources */,
				516983D629091946007DE3C0 /* Main.storyboard in Resources */,
			);
			runOnlyForDeploymentPostprocessing = 0;
		};
		516983DF29091947007DE3C0 /* Resources */ = {
			isa = PBXResourcesBuildPhase;
			buildActionMask = 2147483647;
			files = (
			);
			runOnlyForDeploymentPostprocessing = 0;
		};
		518705262919B5B600FD35AF /* Resources */ = {
			isa = PBXResourcesBuildPhase;
			buildActionMask = 2147483647;
			files = (
			);
			runOnlyForDeploymentPostprocessing = 0;
		};
/* End PBXResourcesBuildPhase section */

/* Begin PBXSourcesBuildPhase section */
		5154210F290E99B600DDCED0 /* Sources */ = {
			isa = PBXSourcesBuildPhase;
			buildActionMask = 2147483647;
			files = (
				51542116290E99B600DDCED0 /* KJVSearchAPIEndToEndTests.swift in Sources */,
				515421252911686C00DDCED0 /* XCTestCase+MemoryLeakTracking.swift in Sources */,
			);
			runOnlyForDeploymentPostprocessing = 0;
		};
		516983C729091946007DE3C0 /* Sources */ = {
			isa = PBXSourcesBuildPhase;
			buildActionMask = 2147483647;
			files = (
				51AC46D6291727C90044FBA1 /* CodableSearchStore.swift in Sources */,
				51AC46C52913B42B0044FBA1 /* LocalSearchItem.swift in Sources */,
				518705202919870C00FD35AF /* CoreDataSearchStore.swift in Sources */,
				51AC46D2291466C40044FBA1 /* SearchCachePolicy.swift in Sources */,
				51AC46BF2912ECAA0044FBA1 /* LocalSearchLoader.swift in Sources */,
				5187051A2919763300FD35AF /* ManagedCache+CoreDataClass.swift in Sources */,
				518705182919763300FD35AF /* ManagedSearchResult+CoreDataClass.swift in Sources */,
				5154210E290E8E9600DDCED0 /* URLSessionHTTPClient.swift in Sources */,
				5169840029091AB4007DE3C0 /* SearchItem.swift in Sources */,
				5169840229091AC7007DE3C0 /* SearchLoader.swift in Sources */,
				519EFB25290C09C10026A202 /* HTTPClient.swift in Sources */,
				5187051E29197C9700FD35AF /* CoreDataHelpers.swift in Sources */,
				516983CF29091946007DE3C0 /* AppDelegate.swift in Sources */,
				51542124291074D800DDCED0 /* Constants.swift in Sources */,
				5169840529099BEE007DE3C0 /* RemoteSearchLoader.swift in Sources */,
				5154211F2910748300DDCED0 /* AccessTokenResponse.swift in Sources */,
				518705232919871900FD35AF /* SearchStoreDataModel.xcdatamodeld in Sources */,
				516983D129091946007DE3C0 /* SceneDelegate.swift in Sources */,
				51542121291074A500DDCED0 /* AuthenticationTokenManager.swift in Sources */,
				51AC46C12912ECBC0044FBA1 /* SearchStore.swift in Sources */,
				51AC46C32913B0AF0044FBA1 /* RemoteSearchItem.swift in Sources */,
			);
			runOnlyForDeploymentPostprocessing = 0;
		};
		516983DD29091947007DE3C0 /* Sources */ = {
			isa = PBXSourcesBuildPhase;
			buildActionMask = 2147483647;
			files = (
				51AC46CC291426110044FBA1 /* ValidateSearchCacheUseCaseTests.swift in Sources */,
				518704F429192B4F00FD35AF /* SearchStoreSpecs.swift in Sources */,
				51AC46CA2913C6690044FBA1 /* SearchStoreSpy.swift in Sources */,
				516983E629091947007DE3C0 /* RemoteSearchLoaderTests.swift in Sources */,
				51AC46C72913BA010044FBA1 /* LoadSearchFromCacheUseCaseTests.swift in Sources */,
				518704F629192C1500FD35AF /* XCTestCase+SearchStoreSpecs.swift in Sources */,
				51AC46CE29142A1F0044FBA1 /* SearchCacheTestHelpers.swift in Sources */,
				51AC46D029142AF30044FBA1 /* SharedTestHelpers.swift in Sources */,
				51AC46D42915BA5B0044FBA1 /* CodableSearchStoreTests.swift in Sources */,
				519EFB28290D654E0026A202 /* URLSessionHTTPClientTests.swift in Sources */,
				51AC46BC291264CF0044FBA1 /* CacheSearchUseCaseTests.swift in Sources */,
				51B152F2290DBEC800D77037 /* XCTestCase+MemoryLeakTracking.swift in Sources */,
				5187050929196E1C00FD35AF /* CoreDataSearchStoreTests.swift in Sources */,
			);
			runOnlyForDeploymentPostprocessing = 0;
		};
		518705242919B5B600FD35AF /* Sources */ = {
			isa = PBXSourcesBuildPhase;
			buildActionMask = 2147483647;
			files = (
				518705322919BB0000FD35AF /* SearchCacheTestHelpers.swift in Sources */,
				5187052B2919B5B600FD35AF /* KJVSearchResultsCacheIntegrationTests.swift in Sources */,
				518705312919B92C00FD35AF /* XCTestCase+MemoryLeakTracking.swift in Sources */,
			);
			runOnlyForDeploymentPostprocessing = 0;
		};
/* End PBXSourcesBuildPhase section */

/* Begin PBXTargetDependency section */
		51542118290E99B600DDCED0 /* PBXTargetDependency */ = {
			isa = PBXTargetDependency;
			target = 516983CA29091946007DE3C0 /* KJVSearch */;
			targetProxy = 51542117290E99B600DDCED0 /* PBXContainerItemProxy */;
		};
		516983E329091947007DE3C0 /* PBXTargetDependency */ = {
			isa = PBXTargetDependency;
			target = 516983CA29091946007DE3C0 /* KJVSearch */;
			targetProxy = 516983E229091947007DE3C0 /* PBXContainerItemProxy */;
		};
		518705302919B7E500FD35AF /* PBXTargetDependency */ = {
			isa = PBXTargetDependency;
			target = 516983CA29091946007DE3C0 /* KJVSearch */;
			targetProxy = 5187052F2919B7E500FD35AF /* PBXContainerItemProxy */;
		};
/* End PBXTargetDependency section */

/* Begin PBXVariantGroup section */
		516983D429091946007DE3C0 /* Main.storyboard */ = {
			isa = PBXVariantGroup;
			children = (
				516983D529091946007DE3C0 /* Base */,
			);
			name = Main.storyboard;
			sourceTree = "<group>";
		};
		516983D929091947007DE3C0 /* LaunchScreen.storyboard */ = {
			isa = PBXVariantGroup;
			children = (
				516983DA29091947007DE3C0 /* Base */,
			);
			name = LaunchScreen.storyboard;
			sourceTree = "<group>";
		};
/* End PBXVariantGroup section */

/* Begin XCBuildConfiguration section */
		5154211A290E99B600DDCED0 /* Debug */ = {
			isa = XCBuildConfiguration;
			buildSettings = {
				BUNDLE_LOADER = "$(TEST_HOST)";
				CLANG_ENABLE_CODE_COVERAGE = YES;
				CODE_SIGN_STYLE = Automatic;
				CURRENT_PROJECT_VERSION = 1;
				DEVELOPMENT_TEAM = LDXCCD7PQ8;
				GCC_OPTIMIZATION_LEVEL = 0;
				GENERATE_INFOPLIST_FILE = YES;
				IPHONEOS_DEPLOYMENT_TARGET = 16.0;
				MARKETING_VERSION = 1.0;
				PRODUCT_BUNDLE_IDENTIFIER = com.paulosilva.KJVSearchAPIEndToEndTests;
				PRODUCT_NAME = "$(TARGET_NAME)";
				SWIFT_EMIT_LOC_STRINGS = NO;
				SWIFT_VERSION = 5.0;
				TARGETED_DEVICE_FAMILY = "1,2";
				TEST_HOST = "$(BUILT_PRODUCTS_DIR)/KJVSearch.app/$(BUNDLE_EXECUTABLE_FOLDER_PATH)/KJVSearch";
			};
			name = Debug;
		};
		5154211B290E99B600DDCED0 /* Release */ = {
			isa = XCBuildConfiguration;
			buildSettings = {
				BUNDLE_LOADER = "$(TEST_HOST)";
				CLANG_ENABLE_CODE_COVERAGE = YES;
				CODE_SIGN_STYLE = Automatic;
				CURRENT_PROJECT_VERSION = 1;
				DEVELOPMENT_TEAM = LDXCCD7PQ8;
				GENERATE_INFOPLIST_FILE = YES;
				IPHONEOS_DEPLOYMENT_TARGET = 16.0;
				MARKETING_VERSION = 1.0;
				PRODUCT_BUNDLE_IDENTIFIER = com.paulosilva.KJVSearchAPIEndToEndTests;
				PRODUCT_NAME = "$(TARGET_NAME)";
				SWIFT_EMIT_LOC_STRINGS = NO;
				SWIFT_VERSION = 5.0;
				TARGETED_DEVICE_FAMILY = "1,2";
				TEST_HOST = "$(BUILT_PRODUCTS_DIR)/KJVSearch.app/$(BUNDLE_EXECUTABLE_FOLDER_PATH)/KJVSearch";
			};
			name = Release;
		};
		516983F329091947007DE3C0 /* Debug */ = {
			isa = XCBuildConfiguration;
			buildSettings = {
				ALWAYS_SEARCH_USER_PATHS = NO;
				CLANG_ANALYZER_NONNULL = YES;
				CLANG_ANALYZER_NUMBER_OBJECT_CONVERSION = YES_AGGRESSIVE;
				CLANG_CXX_LANGUAGE_STANDARD = "gnu++20";
				CLANG_ENABLE_MODULES = YES;
				CLANG_ENABLE_OBJC_ARC = YES;
				CLANG_ENABLE_OBJC_WEAK = YES;
				CLANG_WARN_BLOCK_CAPTURE_AUTORELEASING = YES;
				CLANG_WARN_BOOL_CONVERSION = YES;
				CLANG_WARN_COMMA = YES;
				CLANG_WARN_CONSTANT_CONVERSION = YES;
				CLANG_WARN_DEPRECATED_OBJC_IMPLEMENTATIONS = YES;
				CLANG_WARN_DIRECT_OBJC_ISA_USAGE = YES_ERROR;
				CLANG_WARN_DOCUMENTATION_COMMENTS = YES;
				CLANG_WARN_EMPTY_BODY = YES;
				CLANG_WARN_ENUM_CONVERSION = YES;
				CLANG_WARN_INFINITE_RECURSION = YES;
				CLANG_WARN_INT_CONVERSION = YES;
				CLANG_WARN_NON_LITERAL_NULL_CONVERSION = YES;
				CLANG_WARN_OBJC_IMPLICIT_RETAIN_SELF = YES;
				CLANG_WARN_OBJC_LITERAL_CONVERSION = YES;
				CLANG_WARN_OBJC_ROOT_CLASS = YES_ERROR;
				CLANG_WARN_QUOTED_INCLUDE_IN_FRAMEWORK_HEADER = YES;
				CLANG_WARN_RANGE_LOOP_ANALYSIS = YES;
				CLANG_WARN_STRICT_PROTOTYPES = YES;
				CLANG_WARN_SUSPICIOUS_MOVE = YES;
				CLANG_WARN_UNGUARDED_AVAILABILITY = YES_AGGRESSIVE;
				CLANG_WARN_UNREACHABLE_CODE = YES;
				CLANG_WARN__DUPLICATE_METHOD_MATCH = YES;
				COPY_PHASE_STRIP = NO;
				DEBUG_INFORMATION_FORMAT = dwarf;
				ENABLE_STRICT_OBJC_MSGSEND = YES;
				ENABLE_TESTABILITY = YES;
				GCC_C_LANGUAGE_STANDARD = gnu11;
				GCC_DYNAMIC_NO_PIC = NO;
				GCC_NO_COMMON_BLOCKS = YES;
				GCC_OPTIMIZATION_LEVEL = 1;
				GCC_PREPROCESSOR_DEFINITIONS = (
					"DEBUG=1",
					"$(inherited)",
				);
				GCC_WARN_64_TO_32_BIT_CONVERSION = YES;
				GCC_WARN_ABOUT_RETURN_TYPE = YES_ERROR;
				GCC_WARN_UNDECLARED_SELECTOR = YES;
				GCC_WARN_UNINITIALIZED_AUTOS = YES_AGGRESSIVE;
				GCC_WARN_UNUSED_FUNCTION = YES;
				GCC_WARN_UNUSED_VARIABLE = YES;
				IPHONEOS_DEPLOYMENT_TARGET = 14.0;
				MTL_ENABLE_DEBUG_INFO = INCLUDE_SOURCE;
				MTL_FAST_MATH = YES;
				ONLY_ACTIVE_ARCH = YES;
				SDKROOT = iphoneos;
				SWIFT_ACTIVE_COMPILATION_CONDITIONS = DEBUG;
				SWIFT_OPTIMIZATION_LEVEL = "-Onone";
			};
			name = Debug;
		};
		516983F429091947007DE3C0 /* Release */ = {
			isa = XCBuildConfiguration;
			buildSettings = {
				ALWAYS_SEARCH_USER_PATHS = NO;
				CLANG_ANALYZER_NONNULL = YES;
				CLANG_ANALYZER_NUMBER_OBJECT_CONVERSION = YES_AGGRESSIVE;
				CLANG_CXX_LANGUAGE_STANDARD = "gnu++20";
				CLANG_ENABLE_MODULES = YES;
				CLANG_ENABLE_OBJC_ARC = YES;
				CLANG_ENABLE_OBJC_WEAK = YES;
				CLANG_WARN_BLOCK_CAPTURE_AUTORELEASING = YES;
				CLANG_WARN_BOOL_CONVERSION = YES;
				CLANG_WARN_COMMA = YES;
				CLANG_WARN_CONSTANT_CONVERSION = YES;
				CLANG_WARN_DEPRECATED_OBJC_IMPLEMENTATIONS = YES;
				CLANG_WARN_DIRECT_OBJC_ISA_USAGE = YES_ERROR;
				CLANG_WARN_DOCUMENTATION_COMMENTS = YES;
				CLANG_WARN_EMPTY_BODY = YES;
				CLANG_WARN_ENUM_CONVERSION = YES;
				CLANG_WARN_INFINITE_RECURSION = YES;
				CLANG_WARN_INT_CONVERSION = YES;
				CLANG_WARN_NON_LITERAL_NULL_CONVERSION = YES;
				CLANG_WARN_OBJC_IMPLICIT_RETAIN_SELF = YES;
				CLANG_WARN_OBJC_LITERAL_CONVERSION = YES;
				CLANG_WARN_OBJC_ROOT_CLASS = YES_ERROR;
				CLANG_WARN_QUOTED_INCLUDE_IN_FRAMEWORK_HEADER = YES;
				CLANG_WARN_RANGE_LOOP_ANALYSIS = YES;
				CLANG_WARN_STRICT_PROTOTYPES = YES;
				CLANG_WARN_SUSPICIOUS_MOVE = YES;
				CLANG_WARN_UNGUARDED_AVAILABILITY = YES_AGGRESSIVE;
				CLANG_WARN_UNREACHABLE_CODE = YES;
				CLANG_WARN__DUPLICATE_METHOD_MATCH = YES;
				COPY_PHASE_STRIP = NO;
				DEBUG_INFORMATION_FORMAT = "dwarf-with-dsym";
				ENABLE_NS_ASSERTIONS = NO;
				ENABLE_STRICT_OBJC_MSGSEND = YES;
				GCC_C_LANGUAGE_STANDARD = gnu11;
				GCC_NO_COMMON_BLOCKS = YES;
				GCC_OPTIMIZATION_LEVEL = 1;
				GCC_WARN_64_TO_32_BIT_CONVERSION = YES;
				GCC_WARN_ABOUT_RETURN_TYPE = YES_ERROR;
				GCC_WARN_UNDECLARED_SELECTOR = YES;
				GCC_WARN_UNINITIALIZED_AUTOS = YES_AGGRESSIVE;
				GCC_WARN_UNUSED_FUNCTION = YES;
				GCC_WARN_UNUSED_VARIABLE = YES;
				IPHONEOS_DEPLOYMENT_TARGET = 14.0;
				MTL_ENABLE_DEBUG_INFO = NO;
				MTL_FAST_MATH = YES;
				SDKROOT = iphoneos;
				SWIFT_COMPILATION_MODE = wholemodule;
				SWIFT_OPTIMIZATION_LEVEL = "-O";
				VALIDATE_PRODUCT = YES;
			};
			name = Release;
		};
		516983F629091947007DE3C0 /* Debug */ = {
			isa = XCBuildConfiguration;
			buildSettings = {
				ASSETCATALOG_COMPILER_APPICON_NAME = AppIcon;
				ASSETCATALOG_COMPILER_GLOBAL_ACCENT_COLOR_NAME = AccentColor;
				CODE_SIGN_STYLE = Automatic;
				CURRENT_PROJECT_VERSION = 1;
				DEVELOPMENT_TEAM = LDXCCD7PQ8;
				GENERATE_INFOPLIST_FILE = YES;
				INFOPLIST_FILE = KJVSearch/Info.plist;
				INFOPLIST_KEY_UIApplicationSupportsIndirectInputEvents = YES;
				INFOPLIST_KEY_UILaunchStoryboardName = LaunchScreen;
				INFOPLIST_KEY_UIMainStoryboardFile = Main;
				INFOPLIST_KEY_UISupportedInterfaceOrientations = UIInterfaceOrientationPortrait;
				LD_RUNPATH_SEARCH_PATHS = (
					"$(inherited)",
					"@executable_path/Frameworks",
				);
				MARKETING_VERSION = 1.0;
				PRODUCT_BUNDLE_IDENTIFIER = com.paulosilva.KJVSearch;
				PRODUCT_NAME = "$(TARGET_NAME)";
				SWIFT_EMIT_LOC_STRINGS = YES;
				SWIFT_VERSION = 5.0;
				TARGETED_DEVICE_FAMILY = "1,2";
			};
			name = Debug;
		};
		516983F729091947007DE3C0 /* Release */ = {
			isa = XCBuildConfiguration;
			buildSettings = {
				ASSETCATALOG_COMPILER_APPICON_NAME = AppIcon;
				ASSETCATALOG_COMPILER_GLOBAL_ACCENT_COLOR_NAME = AccentColor;
				CODE_SIGN_STYLE = Automatic;
				CURRENT_PROJECT_VERSION = 1;
				DEVELOPMENT_TEAM = LDXCCD7PQ8;
				GENERATE_INFOPLIST_FILE = YES;
				INFOPLIST_FILE = KJVSearch/Info.plist;
				INFOPLIST_KEY_UIApplicationSupportsIndirectInputEvents = YES;
				INFOPLIST_KEY_UILaunchStoryboardName = LaunchScreen;
				INFOPLIST_KEY_UIMainStoryboardFile = Main;
				INFOPLIST_KEY_UISupportedInterfaceOrientations = UIInterfaceOrientationPortrait;
				LD_RUNPATH_SEARCH_PATHS = (
					"$(inherited)",
					"@executable_path/Frameworks",
				);
				MARKETING_VERSION = 1.0;
				PRODUCT_BUNDLE_IDENTIFIER = com.paulosilva.KJVSearch;
				PRODUCT_NAME = "$(TARGET_NAME)";
				SWIFT_EMIT_LOC_STRINGS = YES;
				SWIFT_VERSION = 5.0;
				TARGETED_DEVICE_FAMILY = "1,2";
			};
			name = Release;
		};
		516983F929091947007DE3C0 /* Debug */ = {
			isa = XCBuildConfiguration;
			buildSettings = {
				ALWAYS_EMBED_SWIFT_STANDARD_LIBRARIES = YES;
				BUNDLE_LOADER = "$(TEST_HOST)";
				CODE_SIGN_STYLE = Automatic;
				CURRENT_PROJECT_VERSION = 1;
				DEVELOPMENT_TEAM = LDXCCD7PQ8;
				GCC_OPTIMIZATION_LEVEL = 0;
				GENERATE_INFOPLIST_FILE = YES;
				IPHONEOS_DEPLOYMENT_TARGET = 16.0;
				MARKETING_VERSION = 1.0;
				PRODUCT_BUNDLE_IDENTIFIER = com.paulosilva.KJVSearchTests;
				PRODUCT_NAME = "$(TARGET_NAME)";
				SWIFT_EMIT_LOC_STRINGS = NO;
				SWIFT_VERSION = 5.0;
				TARGETED_DEVICE_FAMILY = "1,2";
				TEST_HOST = "$(BUILT_PRODUCTS_DIR)/KJVSearch.app/$(BUNDLE_EXECUTABLE_FOLDER_PATH)/KJVSearch";
			};
			name = Debug;
		};
		516983FA29091947007DE3C0 /* Release */ = {
			isa = XCBuildConfiguration;
			buildSettings = {
				ALWAYS_EMBED_SWIFT_STANDARD_LIBRARIES = YES;
				BUNDLE_LOADER = "$(TEST_HOST)";
				CODE_SIGN_STYLE = Automatic;
				CURRENT_PROJECT_VERSION = 1;
				DEVELOPMENT_TEAM = LDXCCD7PQ8;
				GCC_OPTIMIZATION_LEVEL = 0;
				GENERATE_INFOPLIST_FILE = YES;
				IPHONEOS_DEPLOYMENT_TARGET = 16.0;
				MARKETING_VERSION = 1.0;
				PRODUCT_BUNDLE_IDENTIFIER = com.paulosilva.KJVSearchTests;
				PRODUCT_NAME = "$(TARGET_NAME)";
				SWIFT_EMIT_LOC_STRINGS = NO;
				SWIFT_VERSION = 5.0;
				TARGETED_DEVICE_FAMILY = "1,2";
				TEST_HOST = "$(BUILT_PRODUCTS_DIR)/KJVSearch.app/$(BUNDLE_EXECUTABLE_FOLDER_PATH)/KJVSearch";
			};
			name = Release;
		};
		5187052D2919B5B600FD35AF /* Debug */ = {
			isa = XCBuildConfiguration;
			buildSettings = {
				BUNDLE_LOADER = "$(TEST_HOST)";
				CODE_SIGN_STYLE = Automatic;
				CURRENT_PROJECT_VERSION = 1;
				DEVELOPMENT_TEAM = LDXCCD7PQ8;
				GCC_OPTIMIZATION_LEVEL = 0;
				GENERATE_INFOPLIST_FILE = YES;
				MACOSX_DEPLOYMENT_TARGET = 12.3;
				MARKETING_VERSION = 1.0;
				PRODUCT_BUNDLE_IDENTIFIER = com.paulosilva.KJVSearchResultsCacheIntegrationTests;
				PRODUCT_NAME = "$(TARGET_NAME)";
				SDKROOT = macosx;
				SUPPORTED_PLATFORMS = "iphoneos iphonesimulator";
				SUPPORTS_MACCATALYST = NO;
				SUPPORTS_MAC_DESIGNED_FOR_IPHONE_IPAD = NO;
				SWIFT_EMIT_LOC_STRINGS = NO;
				SWIFT_VERSION = 5.0;
				TARGETED_DEVICE_FAMILY = 1;
				TEST_HOST = "$(BUILT_PRODUCTS_DIR)/KJVSearch.app/$(BUNDLE_EXECUTABLE_FOLDER_PATH)/KJVSearch";
			};
			name = Debug;
		};
		5187052E2919B5B600FD35AF /* Release */ = {
			isa = XCBuildConfiguration;
			buildSettings = {
				BUNDLE_LOADER = "$(TEST_HOST)";
				CODE_SIGN_STYLE = Automatic;
				CURRENT_PROJECT_VERSION = 1;
				DEVELOPMENT_TEAM = LDXCCD7PQ8;
				GENERATE_INFOPLIST_FILE = YES;
				MACOSX_DEPLOYMENT_TARGET = 12.3;
				MARKETING_VERSION = 1.0;
				PRODUCT_BUNDLE_IDENTIFIER = com.paulosilva.KJVSearchResultsCacheIntegrationTests;
				PRODUCT_NAME = "$(TARGET_NAME)";
				SDKROOT = macosx;
				SUPPORTED_PLATFORMS = "iphoneos iphonesimulator";
				SUPPORTS_MACCATALYST = NO;
				SUPPORTS_MAC_DESIGNED_FOR_IPHONE_IPAD = NO;
				SWIFT_EMIT_LOC_STRINGS = NO;
				SWIFT_VERSION = 5.0;
				TARGETED_DEVICE_FAMILY = 1;
				TEST_HOST = "$(BUILT_PRODUCTS_DIR)/KJVSearch.app/$(BUNDLE_EXECUTABLE_FOLDER_PATH)/KJVSearch";
			};
			name = Release;
		};
/* End XCBuildConfiguration section */

/* Begin XCConfigurationList section */
		51542119290E99B600DDCED0 /* Build configuration list for PBXNativeTarget "KJVSearchAPIEndToEndTests" */ = {
			isa = XCConfigurationList;
			buildConfigurations = (
				5154211A290E99B600DDCED0 /* Debug */,
				5154211B290E99B600DDCED0 /* Release */,
			);
			defaultConfigurationIsVisible = 0;
			defaultConfigurationName = Release;
		};
		516983C629091946007DE3C0 /* Build configuration list for PBXProject "KJVSearch" */ = {
			isa = XCConfigurationList;
			buildConfigurations = (
				516983F329091947007DE3C0 /* Debug */,
				516983F429091947007DE3C0 /* Release */,
			);
			defaultConfigurationIsVisible = 0;
			defaultConfigurationName = Release;
		};
		516983F529091947007DE3C0 /* Build configuration list for PBXNativeTarget "KJVSearch" */ = {
			isa = XCConfigurationList;
			buildConfigurations = (
				516983F629091947007DE3C0 /* Debug */,
				516983F729091947007DE3C0 /* Release */,
			);
			defaultConfigurationIsVisible = 0;
			defaultConfigurationName = Release;
		};
		516983F829091947007DE3C0 /* Build configuration list for PBXNativeTarget "KJVSearchTests" */ = {
			isa = XCConfigurationList;
			buildConfigurations = (
				516983F929091947007DE3C0 /* Debug */,
				516983FA29091947007DE3C0 /* Release */,
			);
			defaultConfigurationIsVisible = 0;
			defaultConfigurationName = Release;
		};
		5187052C2919B5B600FD35AF /* Build configuration list for PBXNativeTarget "KJVSearchResultsCacheIntegrationTests" */ = {
			isa = XCConfigurationList;
			buildConfigurations = (
				5187052D2919B5B600FD35AF /* Debug */,
				5187052E2919B5B600FD35AF /* Release */,
			);
			defaultConfigurationIsVisible = 0;
			defaultConfigurationName = Release;
		};
/* End XCConfigurationList section */

/* Begin XCVersionGroup section */
		518705212919871900FD35AF /* SearchStoreDataModel.xcdatamodeld */ = {
			isa = XCVersionGroup;
			children = (
				518705222919871900FD35AF /* SearchStoreDataModel.xcdatamodel */,
			);
			currentVersion = 518705222919871900FD35AF /* SearchStoreDataModel.xcdatamodel */;
			path = SearchStoreDataModel.xcdatamodeld;
			sourceTree = "<group>";
			versionGroupType = wrapper.xcdatamodel;
		};
/* End XCVersionGroup section */
	};
	rootObject = 516983C329091946007DE3C0 /* Project object */;
}
