// !$*UTF8*$!
{
	archiveVersion = 1;
	classes = {
	};
	objectVersion = 56;
	objects = {

/* Begin PBXBuildFile section */
		516983CF29091946007DE3C0 /* AppDelegate.swift in Sources */ = {isa = PBXBuildFile; fileRef = 516983CE29091946007DE3C0 /* AppDelegate.swift */; };
		516983D129091946007DE3C0 /* SceneDelegate.swift in Sources */ = {isa = PBXBuildFile; fileRef = 516983D029091946007DE3C0 /* SceneDelegate.swift */; };
		516983D629091946007DE3C0 /* Main.storyboard in Resources */ = {isa = PBXBuildFile; fileRef = 516983D429091946007DE3C0 /* Main.storyboard */; };
		516983D829091947007DE3C0 /* Assets.xcassets in Resources */ = {isa = PBXBuildFile; fileRef = 516983D729091947007DE3C0 /* Assets.xcassets */; };
		516983DB29091947007DE3C0 /* LaunchScreen.storyboard in Resources */ = {isa = PBXBuildFile; fileRef = 516983D929091947007DE3C0 /* LaunchScreen.storyboard */; };
		516983E629091947007DE3C0 /* RemoteSearchLoaderTests.swift in Sources */ = {isa = PBXBuildFile; fileRef = 516983E529091947007DE3C0 /* RemoteSearchLoaderTests.swift */; };
		5169840029091AB4007DE3C0 /* SearchItem.swift in Sources */ = {isa = PBXBuildFile; fileRef = 516983FF29091AB4007DE3C0 /* SearchItem.swift */; };
		5169840229091AC7007DE3C0 /* SearchLoader.swift in Sources */ = {isa = PBXBuildFile; fileRef = 5169840129091AC7007DE3C0 /* SearchLoader.swift */; };
		5169840529099BEE007DE3C0 /* RemoteSearchLoader.swift in Sources */ = {isa = PBXBuildFile; fileRef = 5169840429099BEE007DE3C0 /* RemoteSearchLoader.swift */; };
		519EFB25290C09C10026A202 /* HTTPClient.swift in Sources */ = {isa = PBXBuildFile; fileRef = 519EFB24290C09C10026A202 /* HTTPClient.swift */; };
		519EFB28290D654E0026A202 /* URLSessionHTTPClientTests.swift in Sources */ = {isa = PBXBuildFile; fileRef = 519EFB27290D654E0026A202 /* URLSessionHTTPClientTests.swift */; };
		51B152F2290DBEC800D77037 /* XCTestCase+MemoryLeakTracking.swift in Sources */ = {isa = PBXBuildFile; fileRef = 51B152F1290DBEC800D77037 /* XCTestCase+MemoryLeakTracking.swift */; };
/* End PBXBuildFile section */

/* Begin PBXContainerItemProxy section */
		516983E229091947007DE3C0 /* PBXContainerItemProxy */ = {
			isa = PBXContainerItemProxy;
			containerPortal = 516983C329091946007DE3C0 /* Project object */;
			proxyType = 1;
			remoteGlobalIDString = 516983CA29091946007DE3C0;
			remoteInfo = KJVSearch;
		};
/* End PBXContainerItemProxy section */

/* Begin PBXFileReference section */
		516983CB29091946007DE3C0 /* KJVSearch.app */ = {isa = PBXFileReference; explicitFileType = wrapper.application; includeInIndex = 0; path = KJVSearch.app; sourceTree = BUILT_PRODUCTS_DIR; };
		516983CE29091946007DE3C0 /* AppDelegate.swift */ = {isa = PBXFileReference; lastKnownFileType = sourcecode.swift; path = AppDelegate.swift; sourceTree = "<group>"; };
		516983D029091946007DE3C0 /* SceneDelegate.swift */ = {isa = PBXFileReference; lastKnownFileType = sourcecode.swift; path = SceneDelegate.swift; sourceTree = "<group>"; };
		516983D529091946007DE3C0 /* Base */ = {isa = PBXFileReference; lastKnownFileType = file.storyboard; name = Base; path = Base.lproj/Main.storyboard; sourceTree = "<group>"; };
		516983D729091947007DE3C0 /* Assets.xcassets */ = {isa = PBXFileReference; lastKnownFileType = folder.assetcatalog; path = Assets.xcassets; sourceTree = "<group>"; };
		516983DA29091947007DE3C0 /* Base */ = {isa = PBXFileReference; lastKnownFileType = file.storyboard; name = Base; path = Base.lproj/LaunchScreen.storyboard; sourceTree = "<group>"; };
		516983DC29091947007DE3C0 /* Info.plist */ = {isa = PBXFileReference; lastKnownFileType = text.plist.xml; path = Info.plist; sourceTree = "<group>"; };
		516983E129091947007DE3C0 /* KJVSearchTests.xctest */ = {isa = PBXFileReference; explicitFileType = wrapper.cfbundle; includeInIndex = 0; path = KJVSearchTests.xctest; sourceTree = BUILT_PRODUCTS_DIR; };
		516983E529091947007DE3C0 /* RemoteSearchLoaderTests.swift */ = {isa = PBXFileReference; lastKnownFileType = sourcecode.swift; path = RemoteSearchLoaderTests.swift; sourceTree = "<group>"; };
		516983FF29091AB4007DE3C0 /* SearchItem.swift */ = {isa = PBXFileReference; lastKnownFileType = sourcecode.swift; path = SearchItem.swift; sourceTree = "<group>"; };
		5169840129091AC7007DE3C0 /* SearchLoader.swift */ = {isa = PBXFileReference; lastKnownFileType = sourcecode.swift; path = SearchLoader.swift; sourceTree = "<group>"; };
		5169840429099BEE007DE3C0 /* RemoteSearchLoader.swift */ = {isa = PBXFileReference; lastKnownFileType = sourcecode.swift; path = RemoteSearchLoader.swift; sourceTree = "<group>"; };
		519EFB24290C09C10026A202 /* HTTPClient.swift */ = {isa = PBXFileReference; lastKnownFileType = sourcecode.swift; path = HTTPClient.swift; sourceTree = "<group>"; };
		519EFB27290D654E0026A202 /* URLSessionHTTPClientTests.swift */ = {isa = PBXFileReference; lastKnownFileType = sourcecode.swift; path = URLSessionHTTPClientTests.swift; sourceTree = "<group>"; };
		51B152F1290DBEC800D77037 /* XCTestCase+MemoryLeakTracking.swift */ = {isa = PBXFileReference; lastKnownFileType = sourcecode.swift; path = "XCTestCase+MemoryLeakTracking.swift"; sourceTree = "<group>"; };
/* End PBXFileReference section */

/* Begin PBXFrameworksBuildPhase section */
		516983C829091946007DE3C0 /* Frameworks */ = {
			isa = PBXFrameworksBuildPhase;
			buildActionMask = 2147483647;
			files = (
			);
			runOnlyForDeploymentPostprocessing = 0;
		};
		516983DE29091947007DE3C0 /* Frameworks */ = {
			isa = PBXFrameworksBuildPhase;
			buildActionMask = 2147483647;
			files = (
			);
			runOnlyForDeploymentPostprocessing = 0;
		};
/* End PBXFrameworksBuildPhase section */

/* Begin PBXGroup section */
		516983C229091946007DE3C0 = {
			isa = PBXGroup;
			children = (
				516983CD29091946007DE3C0 /* KJVSearch */,
				516983E429091947007DE3C0 /* KJVSearchTests */,
				516983CC29091946007DE3C0 /* Products */,
			);
			sourceTree = "<group>";
		};
		516983CC29091946007DE3C0 /* Products */ = {
			isa = PBXGroup;
			children = (
				516983CB29091946007DE3C0 /* KJVSearch.app */,
				516983E129091947007DE3C0 /* KJVSearchTests.xctest */,
			);
			name = Products;
			sourceTree = "<group>";
		};
		516983CD29091946007DE3C0 /* KJVSearch */ = {
			isa = PBXGroup;
			children = (
				5169840329099BD3007DE3C0 /* Search API */,
				516983FE29091A94007DE3C0 /* SearchFeature */,
				516983CE29091946007DE3C0 /* AppDelegate.swift */,
				516983D029091946007DE3C0 /* SceneDelegate.swift */,
				516983D429091946007DE3C0 /* Main.storyboard */,
				516983D729091947007DE3C0 /* Assets.xcassets */,
				516983D929091947007DE3C0 /* LaunchScreen.storyboard */,
				516983DC29091947007DE3C0 /* Info.plist */,
			);
			path = KJVSearch;
			sourceTree = "<group>";
		};
		516983E429091947007DE3C0 /* KJVSearchTests */ = {
			isa = PBXGroup;
			children = (
				519EFB26290C144A0026A202 /* Feed API */,
			);
			path = KJVSearchTests;
			sourceTree = "<group>";
		};
		516983FE29091A94007DE3C0 /* SearchFeature */ = {
			isa = PBXGroup;
			children = (
				516983FF29091AB4007DE3C0 /* SearchItem.swift */,
				5169840129091AC7007DE3C0 /* SearchLoader.swift */,
			);
			path = SearchFeature;
			sourceTree = "<group>";
		};
		5169840329099BD3007DE3C0 /* Search API */ = {
			isa = PBXGroup;
			children = (
				5169840429099BEE007DE3C0 /* RemoteSearchLoader.swift */,
				519EFB24290C09C10026A202 /* HTTPClient.swift */,
			);
			path = "Search API";
			sourceTree = "<group>";
		};
		519EFB26290C144A0026A202 /* Feed API */ = {
			isa = PBXGroup;
			children = (
				51B152F0290DBE9C00D77037 /* Helpers */,
				516983E529091947007DE3C0 /* RemoteSearchLoaderTests.swift */,
				519EFB27290D654E0026A202 /* URLSessionHTTPClientTests.swift */,
			);
			path = "Feed API";
			sourceTree = "<group>";
		};
		51B152F0290DBE9C00D77037 /* Helpers */ = {
			isa = PBXGroup;
			children = (
				51B152F1290DBEC800D77037 /* XCTestCase+MemoryLeakTracking.swift */,
			);
			path = Helpers;
			sourceTree = "<group>";
		};
/* End PBXGroup section */

/* Begin PBXNativeTarget section */
		516983CA29091946007DE3C0 /* KJVSearch */ = {
			isa = PBXNativeTarget;
			buildConfigurationList = 516983F529091947007DE3C0 /* Build configuration list for PBXNativeTarget "KJVSearch" */;
			buildPhases = (
				516983C729091946007DE3C0 /* Sources */,
				516983C829091946007DE3C0 /* Frameworks */,
				516983C929091946007DE3C0 /* Resources */,
			);
			buildRules = (
			);
			dependencies = (
			);
			name = KJVSearch;
			productName = KJVSearch;
			productReference = 516983CB29091946007DE3C0 /* KJVSearch.app */;
			productType = "com.apple.product-type.application";
		};
		516983E029091947007DE3C0 /* KJVSearchTests */ = {
			isa = PBXNativeTarget;
			buildConfigurationList = 516983F829091947007DE3C0 /* Build configuration list for PBXNativeTarget "KJVSearchTests" */;
			buildPhases = (
				516983DD29091947007DE3C0 /* Sources */,
				516983DE29091947007DE3C0 /* Frameworks */,
				516983DF29091947007DE3C0 /* Resources */,
			);
			buildRules = (
			);
			dependencies = (
				516983E329091947007DE3C0 /* PBXTargetDependency */,
			);
			name = KJVSearchTests;
			productName = KJVSearchTests;
			productReference = 516983E129091947007DE3C0 /* KJVSearchTests.xctest */;
			productType = "com.apple.product-type.bundle.unit-test";
		};
/* End PBXNativeTarget section */

/* Begin PBXProject section */
		516983C329091946007DE3C0 /* Project object */ = {
			isa = PBXProject;
			attributes = {
				BuildIndependentTargetsInParallel = 1;
				LastSwiftUpdateCheck = 1400;
				LastUpgradeCheck = 1400;
				TargetAttributes = {
					516983CA29091946007DE3C0 = {
						CreatedOnToolsVersion = 14.0.1;
					};
					516983E029091947007DE3C0 = {
						CreatedOnToolsVersion = 14.0.1;
						TestTargetID = 516983CA29091946007DE3C0;
					};
				};
			};
			buildConfigurationList = 516983C629091946007DE3C0 /* Build configuration list for PBXProject "KJVSearch" */;
			compatibilityVersion = "Xcode 14.0";
			developmentRegion = en;
			hasScannedForEncodings = 0;
			knownRegions = (
				en,
				Base,
			);
			mainGroup = 516983C229091946007DE3C0;
			productRefGroup = 516983CC29091946007DE3C0 /* Products */;
			projectDirPath = "";
			projectRoot = "";
			targets = (
				516983CA29091946007DE3C0 /* KJVSearch */,
				516983E029091947007DE3C0 /* KJVSearchTests */,
			);
		};
/* End PBXProject section */

/* Begin PBXResourcesBuildPhase section */
		516983C929091946007DE3C0 /* Resources */ = {
			isa = PBXResourcesBuildPhase;
			buildActionMask = 2147483647;
			files = (
				516983DB29091947007DE3C0 /* LaunchScreen.storyboard in Resources */,
				516983D829091947007DE3C0 /* Assets.xcassets in Resources */,
				516983D629091946007DE3C0 /* Main.storyboard in Resources */,
			);
			runOnlyForDeploymentPostprocessing = 0;
		};
		516983DF29091947007DE3C0 /* Resources */ = {
			isa = PBXResourcesBuildPhase;
			buildActionMask = 2147483647;
			files = (
			);
			runOnlyForDeploymentPostprocessing = 0;
		};
/* End PBXResourcesBuildPhase section */

/* Begin PBXSourcesBuildPhase section */
		516983C729091946007DE3C0 /* Sources */ = {
			isa = PBXSourcesBuildPhase;
			buildActionMask = 2147483647;
			files = (
				5169840029091AB4007DE3C0 /* SearchItem.swift in Sources */,
				5169840229091AC7007DE3C0 /* SearchLoader.swift in Sources */,
				519EFB25290C09C10026A202 /* HTTPClient.swift in Sources */,
				516983CF29091946007DE3C0 /* AppDelegate.swift in Sources */,
				5169840529099BEE007DE3C0 /* RemoteSearchLoader.swift in Sources */,
				516983D129091946007DE3C0 /* SceneDelegate.swift in Sources */,
			);
			runOnlyForDeploymentPostprocessing = 0;
		};
		516983DD29091947007DE3C0 /* Sources */ = {
			isa = PBXSourcesBuildPhase;
			buildActionMask = 2147483647;
			files = (
				516983E629091947007DE3C0 /* RemoteSearchLoaderTests.swift in Sources */,
				519EFB28290D654E0026A202 /* URLSessionHTTPClientTests.swift in Sources */,
				51B152F2290DBEC800D77037 /* XCTestCase+MemoryLeakTracking.swift in Sources */,
			);
			runOnlyForDeploymentPostprocessing = 0;
		};
/* End PBXSourcesBuildPhase section */

/* Begin PBXTargetDependency section */
		516983E329091947007DE3C0 /* PBXTargetDependency */ = {
			isa = PBXTargetDependency;
			target = 516983CA29091946007DE3C0 /* KJVSearch */;
			targetProxy = 516983E229091947007DE3C0 /* PBXContainerItemProxy */;
		};
/* End PBXTargetDependency section */

/* Begin PBXVariantGroup section */
		516983D429091946007DE3C0 /* Main.storyboard */ = {
			isa = PBXVariantGroup;
			children = (
				516983D529091946007DE3C0 /* Base */,
			);
			name = Main.storyboard;
			sourceTree = "<group>";
		};
		516983D929091947007DE3C0 /* LaunchScreen.storyboard */ = {
			isa = PBXVariantGroup;
			children = (
				516983DA29091947007DE3C0 /* Base */,
			);
			name = LaunchScreen.storyboard;
			sourceTree = "<group>";
		};
/* End PBXVariantGroup section */

/* Begin XCBuildConfiguration section */
		516983F329091947007DE3C0 /* Debug */ = {
			isa = XCBuildConfiguration;
			buildSettings = {
				ALWAYS_SEARCH_USER_PATHS = NO;
				CLANG_ANALYZER_NONNULL = YES;
				CLANG_ANALYZER_NUMBER_OBJECT_CONVERSION = YES_AGGRESSIVE;
				CLANG_CXX_LANGUAGE_STANDARD = "gnu++20";
				CLANG_ENABLE_MODULES = YES;
				CLANG_ENABLE_OBJC_ARC = YES;
				CLANG_ENABLE_OBJC_WEAK = YES;
				CLANG_WARN_BLOCK_CAPTURE_AUTORELEASING = YES;
				CLANG_WARN_BOOL_CONVERSION = YES;
				CLANG_WARN_COMMA = YES;
				CLANG_WARN_CONSTANT_CONVERSION = YES;
				CLANG_WARN_DEPRECATED_OBJC_IMPLEMENTATIONS = YES;
				CLANG_WARN_DIRECT_OBJC_ISA_USAGE = YES_ERROR;
				CLANG_WARN_DOCUMENTATION_COMMENTS = YES;
				CLANG_WARN_EMPTY_BODY = YES;
				CLANG_WARN_ENUM_CONVERSION = YES;
				CLANG_WARN_INFINITE_RECURSION = YES;
				CLANG_WARN_INT_CONVERSION = YES;
				CLANG_WARN_NON_LITERAL_NULL_CONVERSION = YES;
				CLANG_WARN_OBJC_IMPLICIT_RETAIN_SELF = YES;
				CLANG_WARN_OBJC_LITERAL_CONVERSION = YES;
				CLANG_WARN_OBJC_ROOT_CLASS = YES_ERROR;
				CLANG_WARN_QUOTED_INCLUDE_IN_FRAMEWORK_HEADER = YES;
				CLANG_WARN_RANGE_LOOP_ANALYSIS = YES;
				CLANG_WARN_STRICT_PROTOTYPES = YES;
				CLANG_WARN_SUSPICIOUS_MOVE = YES;
				CLANG_WARN_UNGUARDED_AVAILABILITY = YES_AGGRESSIVE;
				CLANG_WARN_UNREACHABLE_CODE = YES;
				CLANG_WARN__DUPLICATE_METHOD_MATCH = YES;
				COPY_PHASE_STRIP = NO;
				DEBUG_INFORMATION_FORMAT = dwarf;
				ENABLE_STRICT_OBJC_MSGSEND = YES;
				ENABLE_TESTABILITY = YES;
				GCC_C_LANGUAGE_STANDARD = gnu11;
				GCC_DYNAMIC_NO_PIC = NO;
				GCC_NO_COMMON_BLOCKS = YES;
				GCC_OPTIMIZATION_LEVEL = 1;
				GCC_PREPROCESSOR_DEFINITIONS = (
					"DEBUG=1",
					"$(inherited)",
				);
				GCC_WARN_64_TO_32_BIT_CONVERSION = YES;
				GCC_WARN_ABOUT_RETURN_TYPE = YES_ERROR;
				GCC_WARN_UNDECLARED_SELECTOR = YES;
				GCC_WARN_UNINITIALIZED_AUTOS = YES_AGGRESSIVE;
				GCC_WARN_UNUSED_FUNCTION = YES;
				GCC_WARN_UNUSED_VARIABLE = YES;
				IPHONEOS_DEPLOYMENT_TARGET = 14.0;
				MTL_ENABLE_DEBUG_INFO = INCLUDE_SOURCE;
				MTL_FAST_MATH = YES;
				ONLY_ACTIVE_ARCH = YES;
				SDKROOT = iphoneos;
				SWIFT_ACTIVE_COMPILATION_CONDITIONS = DEBUG;
				SWIFT_OPTIMIZATION_LEVEL = "-Onone";
			};
			name = Debug;
		};
		516983F429091947007DE3C0 /* Release */ = {
			isa = XCBuildConfiguration;
			buildSettings = {
				ALWAYS_SEARCH_USER_PATHS = NO;
				CLANG_ANALYZER_NONNULL = YES;
				CLANG_ANALYZER_NUMBER_OBJECT_CONVERSION = YES_AGGRESSIVE;
				CLANG_CXX_LANGUAGE_STANDARD = "gnu++20";
				CLANG_ENABLE_MODULES = YES;
				CLANG_ENABLE_OBJC_ARC = YES;
				CLANG_ENABLE_OBJC_WEAK = YES;
				CLANG_WARN_BLOCK_CAPTURE_AUTORELEASING = YES;
				CLANG_WARN_BOOL_CONVERSION = YES;
				CLANG_WARN_COMMA = YES;
				CLANG_WARN_CONSTANT_CONVERSION = YES;
				CLANG_WARN_DEPRECATED_OBJC_IMPLEMENTATIONS = YES;
				CLANG_WARN_DIRECT_OBJC_ISA_USAGE = YES_ERROR;
				CLANG_WARN_DOCUMENTATION_COMMENTS = YES;
				CLANG_WARN_EMPTY_BODY = YES;
				CLANG_WARN_ENUM_CONVERSION = YES;
				CLANG_WARN_INFINITE_RECURSION = YES;
				CLANG_WARN_INT_CONVERSION = YES;
				CLANG_WARN_NON_LITERAL_NULL_CONVERSION = YES;
				CLANG_WARN_OBJC_IMPLICIT_RETAIN_SELF = YES;
				CLANG_WARN_OBJC_LITERAL_CONVERSION = YES;
				CLANG_WARN_OBJC_ROOT_CLASS = YES_ERROR;
				CLANG_WARN_QUOTED_INCLUDE_IN_FRAMEWORK_HEADER = YES;
				CLANG_WARN_RANGE_LOOP_ANALYSIS = YES;
				CLANG_WARN_STRICT_PROTOTYPES = YES;
				CLANG_WARN_SUSPICIOUS_MOVE = YES;
				CLANG_WARN_UNGUARDED_AVAILABILITY = YES_AGGRESSIVE;
				CLANG_WARN_UNREACHABLE_CODE = YES;
				CLANG_WARN__DUPLICATE_METHOD_MATCH = YES;
				COPY_PHASE_STRIP = NO;
				DEBUG_INFORMATION_FORMAT = "dwarf-with-dsym";
				ENABLE_NS_ASSERTIONS = NO;
				ENABLE_STRICT_OBJC_MSGSEND = YES;
				GCC_C_LANGUAGE_STANDARD = gnu11;
				GCC_NO_COMMON_BLOCKS = YES;
				GCC_OPTIMIZATION_LEVEL = 1;
				GCC_WARN_64_TO_32_BIT_CONVERSION = YES;
				GCC_WARN_ABOUT_RETURN_TYPE = YES_ERROR;
				GCC_WARN_UNDECLARED_SELECTOR = YES;
				GCC_WARN_UNINITIALIZED_AUTOS = YES_AGGRESSIVE;
				GCC_WARN_UNUSED_FUNCTION = YES;
				GCC_WARN_UNUSED_VARIABLE = YES;
				IPHONEOS_DEPLOYMENT_TARGET = 14.0;
				MTL_ENABLE_DEBUG_INFO = NO;
				MTL_FAST_MATH = YES;
				SDKROOT = iphoneos;
				SWIFT_COMPILATION_MODE = wholemodule;
				SWIFT_OPTIMIZATION_LEVEL = "-O";
				VALIDATE_PRODUCT = YES;
			};
			name = Release;
		};
		516983F629091947007DE3C0 /* Debug */ = {
			isa = XCBuildConfiguration;
			buildSettings = {
				ASSETCATALOG_COMPILER_APPICON_NAME = AppIcon;
				ASSETCATALOG_COMPILER_GLOBAL_ACCENT_COLOR_NAME = AccentColor;
				CODE_SIGN_STYLE = Automatic;
				CURRENT_PROJECT_VERSION = 1;
				DEVELOPMENT_TEAM = LDXCCD7PQ8;
				GENERATE_INFOPLIST_FILE = YES;
				INFOPLIST_FILE = KJVSearch/Info.plist;
				INFOPLIST_KEY_UIApplicationSupportsIndirectInputEvents = YES;
				INFOPLIST_KEY_UILaunchStoryboardName = LaunchScreen;
				INFOPLIST_KEY_UIMainStoryboardFile = Main;
				INFOPLIST_KEY_UISupportedInterfaceOrientations_iPad = "UIInterfaceOrientationPortrait UIInterfaceOrientationPortraitUpsideDown UIInterfaceOrientationLandscapeLeft UIInterfaceOrientationLandscapeRight";
				INFOPLIST_KEY_UISupportedInterfaceOrientations_iPhone = "UIInterfaceOrientationPortrait UIInterfaceOrientationLandscapeLeft UIInterfaceOrientationLandscapeRight";
				LD_RUNPATH_SEARCH_PATHS = (
					"$(inherited)",
					"@executable_path/Frameworks",
				);
				MARKETING_VERSION = 1.0;
				PRODUCT_BUNDLE_IDENTIFIER = com.paulosilva.KJVSearch;
				PRODUCT_NAME = "$(TARGET_NAME)";
				SWIFT_EMIT_LOC_STRINGS = YES;
				SWIFT_VERSION = 5.0;
				TARGETED_DEVICE_FAMILY = "1,2";
			};
			name = Debug;
		};
		516983F729091947007DE3C0 /* Release */ = {
			isa = XCBuildConfiguration;
			buildSettings = {
				ASSETCATALOG_COMPILER_APPICON_NAME = AppIcon;
				ASSETCATALOG_COMPILER_GLOBAL_ACCENT_COLOR_NAME = AccentColor;
				CODE_SIGN_STYLE = Automatic;
				CURRENT_PROJECT_VERSION = 1;
				DEVELOPMENT_TEAM = LDXCCD7PQ8;
				GENERATE_INFOPLIST_FILE = YES;
				INFOPLIST_FILE = KJVSearch/Info.plist;
				INFOPLIST_KEY_UIApplicationSupportsIndirectInputEvents = YES;
				INFOPLIST_KEY_UILaunchStoryboardName = LaunchScreen;
				INFOPLIST_KEY_UIMainStoryboardFile = Main;
				INFOPLIST_KEY_UISupportedInterfaceOrientations_iPad = "UIInterfaceOrientationPortrait UIInterfaceOrientationPortraitUpsideDown UIInterfaceOrientationLandscapeLeft UIInterfaceOrientationLandscapeRight";
				INFOPLIST_KEY_UISupportedInterfaceOrientations_iPhone = "UIInterfaceOrientationPortrait UIInterfaceOrientationLandscapeLeft UIInterfaceOrientationLandscapeRight";
				LD_RUNPATH_SEARCH_PATHS = (
					"$(inherited)",
					"@executable_path/Frameworks",
				);
				MARKETING_VERSION = 1.0;
				PRODUCT_BUNDLE_IDENTIFIER = com.paulosilva.KJVSearch;
				PRODUCT_NAME = "$(TARGET_NAME)";
				SWIFT_EMIT_LOC_STRINGS = YES;
				SWIFT_VERSION = 5.0;
				TARGETED_DEVICE_FAMILY = "1,2";
			};
			name = Release;
		};
		516983F929091947007DE3C0 /* Debug */ = {
			isa = XCBuildConfiguration;
			buildSettings = {
				ALWAYS_EMBED_SWIFT_STANDARD_LIBRARIES = YES;
				BUNDLE_LOADER = "$(TEST_HOST)";
				CODE_SIGN_STYLE = Automatic;
				CURRENT_PROJECT_VERSION = 1;
				DEVELOPMENT_TEAM = LDXCCD7PQ8;
				GCC_OPTIMIZATION_LEVEL = 0;
				GENERATE_INFOPLIST_FILE = YES;
				IPHONEOS_DEPLOYMENT_TARGET = 16.0;
				MARKETING_VERSION = 1.0;
				PRODUCT_BUNDLE_IDENTIFIER = com.paulosilva.KJVSearchTests;
				PRODUCT_NAME = "$(TARGET_NAME)";
				SWIFT_EMIT_LOC_STRINGS = NO;
				SWIFT_VERSION = 5.0;
				TARGETED_DEVICE_FAMILY = "1,2";
				TEST_HOST = "$(BUILT_PRODUCTS_DIR)/KJVSearch.app/$(BUNDLE_EXECUTABLE_FOLDER_PATH)/KJVSearch";
			};
			name = Debug;
		};
		516983FA29091947007DE3C0 /* Release */ = {
			isa = XCBuildConfiguration;
			buildSettings = {
				ALWAYS_EMBED_SWIFT_STANDARD_LIBRARIES = YES;
				BUNDLE_LOADER = "$(TEST_HOST)";
				CODE_SIGN_STYLE = Automatic;
				CURRENT_PROJECT_VERSION = 1;
				DEVELOPMENT_TEAM = LDXCCD7PQ8;
				GCC_OPTIMIZATION_LEVEL = 0;
				GENERATE_INFOPLIST_FILE = YES;
				IPHONEOS_DEPLOYMENT_TARGET = 16.0;
				MARKETING_VERSION = 1.0;
				PRODUCT_BUNDLE_IDENTIFIER = com.paulosilva.KJVSearchTests;
				PRODUCT_NAME = "$(TARGET_NAME)";
				SWIFT_EMIT_LOC_STRINGS = NO;
				SWIFT_VERSION = 5.0;
				TARGETED_DEVICE_FAMILY = "1,2";
				TEST_HOST = "$(BUILT_PRODUCTS_DIR)/KJVSearch.app/$(BUNDLE_EXECUTABLE_FOLDER_PATH)/KJVSearch";
			};
			name = Release;
		};
/* End XCBuildConfiguration section */

/* Begin XCConfigurationList section */
		516983C629091946007DE3C0 /* Build configuration list for PBXProject "KJVSearch" */ = {
			isa = XCConfigurationList;
			buildConfigurations = (
				516983F329091947007DE3C0 /* Debug */,
				516983F429091947007DE3C0 /* Release */,
			);
			defaultConfigurationIsVisible = 0;
			defaultConfigurationName = Release;
		};
		516983F529091947007DE3C0 /* Build configuration list for PBXNativeTarget "KJVSearch" */ = {
			isa = XCConfigurationList;
			buildConfigurations = (
				516983F629091947007DE3C0 /* Debug */,
				516983F729091947007DE3C0 /* Release */,
			);
			defaultConfigurationIsVisible = 0;
			defaultConfigurationName = Release;
		};
		516983F829091947007DE3C0 /* Build configuration list for PBXNativeTarget "KJVSearchTests" */ = {
			isa = XCConfigurationList;
			buildConfigurations = (
				516983F929091947007DE3C0 /* Debug */,
				516983FA29091947007DE3C0 /* Release */,
			);
			defaultConfigurationIsVisible = 0;
			defaultConfigurationName = Release;
		};
/* End XCConfigurationList section */
	};
	rootObject = 516983C329091946007DE3C0 /* Project object */;
}
